
Microsoft Visual Studio Solution File, Format Version 12.00
# Visual Studio 15
VisualStudioVersion = 15.0.27130.2027
MinimumVisualStudioVersion = 10.0.40219.1
Project("{FAE04EC0-301F-11D3-BF4B-00C04F79EFBC}") = "ClashRoyale.Network", "ClashRoyale.Network\ClashRoyale.Network.csproj", "{66B867B9-E1D5-4ACA-BA48-A01A212EA8CF}"
EndProject
Project("{FAE04EC0-301F-11D3-BF4B-00C04F79EFBC}") = "ClashRoyale.Patcher", "ClashRoyale.Patcher\ClashRoyale.Patcher.csproj", "{15A935B7-D610-435E-9ADE-5EB8FCD004EA}"
EndProject
Project("{FAE04EC0-301F-11D3-BF4B-00C04F79EFBC}") = "ClashRoyale", "ClashRoyale\ClashRoyale.csproj", "{BED31336-C114-4E3B-9251-590EA24B223F}"
EndProject
Project("{FAE04EC0-301F-11D3-BF4B-00C04F79EFBC}") = "ClashRoyale.Crypto", "ClashRoyale.Crypto\ClashRoyale.Crypto.csproj", "{A265C079-65AD-4B83-BA14-9C09B6FA94A6}"
EndProject
Project("{FAE04EC0-301F-11D3-BF4B-00C04F79EFBC}") = "ClashRoyale.Logic", "ClashRoyale.Logic\ClashRoyale.Logic.csproj", "{EDCF5BCF-AC76-4442-96B0-F8C532CD33BF}"
EndProject
Project("{FAE04EC0-301F-11D3-BF4B-00C04F79EFBC}") = "ClashRoyale.Compression", "ClashRoyale.Compression\ClashRoyale.Compression.csproj", "{E47535EF-AC7F-4DF3-B784-209EFF7FAF54}"
EndProject
Project("{FAE04EC0-301F-11D3-BF4B-00C04F79EFBC}") = "ClashRoyale.Server", "ClashRoyale.Server\ClashRoyale.Server.csproj", "{D37FC105-EF32-4B9E-B347-1436D72693EA}"
EndProject
Global
	GlobalSection(SolutionConfigurationPlatforms) = preSolution
		Debug|Any CPU = Debug|Any CPU
		Release|Any CPU = Release|Any CPU
	EndGlobalSection
	GlobalSection(ProjectConfigurationPlatforms) = postSolution
		{66B867B9-E1D5-4ACA-BA48-A01A212EA8CF}.Debug|Any CPU.ActiveCfg = Debug|Any CPU
		{66B867B9-E1D5-4ACA-BA48-A01A212EA8CF}.Debug|Any CPU.Build.0 = Debug|Any CPU
		{66B867B9-E1D5-4ACA-BA48-A01A212EA8CF}.Release|Any CPU.ActiveCfg = Release|Any CPU
		{66B867B9-E1D5-4ACA-BA48-A01A212EA8CF}.Release|Any CPU.Build.0 = Release|Any CPU
		{15A935B7-D610-435E-9ADE-5EB8FCD004EA}.Debug|Any CPU.ActiveCfg = Debug|Any CPU
		{15A935B7-D610-435E-9ADE-5EB8FCD004EA}.Debug|Any CPU.Build.0 = Debug|Any CPU
		{15A935B7-D610-435E-9ADE-5EB8FCD004EA}.Release|Any CPU.ActiveCfg = Release|Any CPU
		{15A935B7-D610-435E-9ADE-5EB8FCD004EA}.Release|Any CPU.Build.0 = Release|Any CPU
		{BED31336-C114-4E3B-9251-590EA24B223F}.Debug|Any CPU.ActiveCfg = Debug|Any CPU
		{BED31336-C114-4E3B-9251-590EA24B223F}.Debug|Any CPU.Build.0 = Debug|Any CPU
		{BED31336-C114-4E3B-9251-590EA24B223F}.Release|Any CPU.ActiveCfg = Release|Any CPU
		{BED31336-C114-4E3B-9251-590EA24B223F}.Release|Any CPU.Build.0 = Release|Any CPU
		{A265C079-65AD-4B83-BA14-9C09B6FA94A6}.Debug|Any CPU.ActiveCfg = Debug|Any CPU
		{A265C079-65AD-4B83-BA14-9C09B6FA94A6}.Debug|Any CPU.Build.0 = Debug|Any CPU
		{A265C079-65AD-4B83-BA14-9C09B6FA94A6}.Release|Any CPU.ActiveCfg = Release|Any CPU
		{A265C079-65AD-4B83-BA14-9C09B6FA94A6}.Release|Any CPU.Build.0 = Release|Any CPU
		{EDCF5BCF-AC76-4442-96B0-F8C532CD33BF}.Debug|Any CPU.ActiveCfg = Debug|Any CPU
		{EDCF5BCF-AC76-4442-96B0-F8C532CD33BF}.Debug|Any CPU.Build.0 = Debug|Any CPU
		{EDCF5BCF-AC76-4442-96B0-F8C532CD33BF}.Release|Any CPU.ActiveCfg = Release|Any CPU
		{EDCF5BCF-AC76-4442-96B0-F8C532CD33BF}.Release|Any CPU.Build.0 = Release|Any CPU
		{E47535EF-AC7F-4DF3-B784-209EFF7FAF54}.Debug|Any CPU.ActiveCfg = Debug|Any CPU
		{E47535EF-AC7F-4DF3-B784-209EFF7FAF54}.Debug|Any CPU.Build.0 = Debug|Any CPU
		{E47535EF-AC7F-4DF3-B784-209EFF7FAF54}.Release|Any CPU.ActiveCfg = Release|Any CPU
		{E47535EF-AC7F-4DF3-B784-209EFF7FAF54}.Release|Any CPU.Build.0 = Release|Any CPU
		{D37FC105-EF32-4B9E-B347-1436D72693EA}.Debug|Any CPU.ActiveCfg = Debug|Any CPU
		{D37FC105-EF32-4B9E-B347-1436D72693EA}.Debug|Any CPU.Build.0 = Debug|Any CPU
		{D37FC105-EF32-4B9E-B347-1436D72693EA}.Release|Any CPU.ActiveCfg = Release|Any CPU
		{D37FC105-EF32-4B9E-B347-1436D72693EA}.Release|Any CPU.Build.0 = Release|Any CPU
	EndGlobalSection
	GlobalSection(SolutionProperties) = preSolution
		HideSolutionNode = FALSE
	EndGlobalSection
	GlobalSection(ExtensibilityGlobals) = postSolution
		SolutionGuid = {B98AE80A-7536-42E2-8DAB-90E42E6C8E7C}
	EndGlobalSection
EndGlobal
